// !$*UTF8*$!
{
	archiveVersion = 1;
	classes = {
	};
	objectVersion = 48;
	objects = {

/* Begin PBXBuildFile section */
		EBB5512A1F76595F008920F9 /* AppDelegate.swift in Sources */ = {isa = PBXBuildFile; fileRef = EBB551291F76595F008920F9 /* AppDelegate.swift */; };
		EBB5512C1F76595F008920F9 /* art.scnassets in Resources */ = {isa = PBXBuildFile; fileRef = EBB5512B1F76595F008920F9 /* art.scnassets */; };
		EBB5512E1F76595F008920F9 /* ViewController.swift in Sources */ = {isa = PBXBuildFile; fileRef = EBB5512D1F76595F008920F9 /* ViewController.swift */; };
		EBB551311F76595F008920F9 /* Main.storyboard in Resources */ = {isa = PBXBuildFile; fileRef = EBB5512F1F76595F008920F9 /* Main.storyboard */; };
		EBB551331F76595F008920F9 /* Assets.xcassets in Resources */ = {isa = PBXBuildFile; fileRef = EBB551321F76595F008920F9 /* Assets.xcassets */; };
		EBB551361F76595F008920F9 /* LaunchScreen.storyboard in Resources */ = {isa = PBXBuildFile; fileRef = EBB551341F76595F008920F9 /* LaunchScreen.storyboard */; };
/* End PBXBuildFile section */

/* Begin PBXFileReference section */
		EBB551261F76595F008920F9 /* AR_Day4_任意门.app */ = {isa = PBXFileReference; explicitFileType = wrapper.application; includeInIndex = 0; path = "AR_Day4_任意门.app"; sourceTree = BUILT_PRODUCTS_DIR; };
		EBB551291F76595F008920F9 /* AppDelegate.swift */ = {isa = PBXFileReference; lastKnownFileType = sourcecode.swift; path = AppDelegate.swift; sourceTree = "<group>"; };
		EBB5512B1F76595F008920F9 /* art.scnassets */ = {isa = PBXFileReference; lastKnownFileType = wrapper.scnassets; path = art.scnassets; sourceTree = "<group>"; };
		EBB5512D1F76595F008920F9 /* ViewController.swift */ = {isa = PBXFileReference; lastKnownFileType = sourcecode.swift; path = ViewController.swift; sourceTree = "<group>"; };
		EBB551301F76595F008920F9 /* Base */ = {isa = PBXFileReference; lastKnownFileType = file.storyboard; name = Base; path = Base.lproj/Main.storyboard; sourceTree = "<group>"; };
		EBB551321F76595F008920F9 /* Assets.xcassets */ = {isa = PBXFileReference; lastKnownFileType = folder.assetcatalog; path = Assets.xcassets; sourceTree = "<group>"; };
		EBB551351F76595F008920F9 /* Base */ = {isa = PBXFileReference; lastKnownFileType = file.storyboard; name = Base; path = Base.lproj/LaunchScreen.storyboard; sourceTree = "<group>"; };
		EBB551371F76595F008920F9 /* Info.plist */ = {isa = PBXFileReference; lastKnownFileType = text.plist.xml; path = Info.plist; sourceTree = "<group>"; };
/* End PBXFileReference section */

/* Begin PBXFrameworksBuildPhase section */
		EBB551231F76595F008920F9 /* Frameworks */ = {
			isa = PBXFrameworksBuildPhase;
			buildActionMask = 2147483647;
			files = (
			);
			runOnlyForDeploymentPostprocessing = 0;
		};
/* End PBXFrameworksBuildPhase section */

/* Begin PBXGroup section */
		EBB5511D1F76595F008920F9 = {
			isa = PBXGroup;
			children = (
				EBB551281F76595F008920F9 /* AR_Day4_任意门 */,
				EBB551271F76595F008920F9 /* Products */,
			);
			sourceTree = "<group>";
		};
		EBB551271F76595F008920F9 /* Products */ = {
			isa = PBXGroup;
			children = (
				EBB551261F76595F008920F9 /* AR_Day4_任意门.app */,
			);
			name = Products;
			sourceTree = "<group>";
		};
		EBB551281F76595F008920F9 /* AR_Day4_任意门 */ = {
			isa = PBXGroup;
			children = (
				EBB551291F76595F008920F9 /* AppDelegate.swift */,
				EBB5512B1F76595F008920F9 /* art.scnassets */,
				EBB5512D1F76595F008920F9 /* ViewController.swift */,
				EBB5512F1F76595F008920F9 /* Main.storyboard */,
				EBB551321F76595F008920F9 /* Assets.xcassets */,
				EBB551341F76595F008920F9 /* LaunchScreen.storyboard */,
				EBB551371F76595F008920F9 /* Info.plist */,
			);
			path = "AR_Day4_任意门";
			sourceTree = "<group>";
		};
/* End PBXGroup section */

/* Begin PBXNativeTarget section */
		EBB551251F76595F008920F9 /* AR_Day4_任意门 */ = {
			isa = PBXNativeTarget;
			buildConfigurationList = EBB5513A1F76595F008920F9 /* Build configuration list for PBXNativeTarget "AR_Day4_任意门" */;
			buildPhases = (
				EBB551221F76595F008920F9 /* Sources */,
				EBB551231F76595F008920F9 /* Frameworks */,
				EBB551241F76595F008920F9 /* Resources */,
			);
			buildRules = (
			);
			dependencies = (
			);
			name = "AR_Day4_任意门";
			productName = "AR_Day4_任意门";
			productReference = EBB551261F76595F008920F9 /* AR_Day4_任意门.app */;
			productType = "com.apple.product-type.application";
		};
/* End PBXNativeTarget section */

/* Begin PBXProject section */
		EBB5511E1F76595F008920F9 /* Project object */ = {
			isa = PBXProject;
			attributes = {
				LastSwiftUpdateCheck = 0900;
				LastUpgradeCheck = 0900;
				ORGANIZATIONNAME = EasonWang;
				TargetAttributes = {
					EBB551251F76595F008920F9 = {
						CreatedOnToolsVersion = 9.0;
						ProvisioningStyle = Manual;
					};
				};
			};
			buildConfigurationList = EBB551211F76595F008920F9 /* Build configuration list for PBXProject "AR_Day4_任意门" */;
			compatibilityVersion = "Xcode 8.0";
			developmentRegion = en;
			hasScannedForEncodings = 0;
			knownRegions = (
				en,
				Base,
			);
			mainGroup = EBB5511D1F76595F008920F9;
			productRefGroup = EBB551271F76595F008920F9 /* Products */;
			projectDirPath = "";
			projectRoot = "";
			targets = (
				EBB551251F76595F008920F9 /* AR_Day4_任意门 */,
			);
		};
/* End PBXProject section */

/* Begin PBXResourcesBuildPhase section */
		EBB551241F76595F008920F9 /* Resources */ = {
			isa = PBXResourcesBuildPhase;
			buildActionMask = 2147483647;
			files = (
				EBB5512C1F76595F008920F9 /* art.scnassets in Resources */,
				EBB551361F76595F008920F9 /* LaunchScreen.storyboard in Resources */,
				EBB551331F76595F008920F9 /* Assets.xcassets in Resources */,
				EBB551311F76595F008920F9 /* Main.storyboard in Resources */,
			);
			runOnlyForDeploymentPostprocessing = 0;
		};
/* End PBXResourcesBuildPhase section */

/* Begin PBXSourcesBuildPhase section */
		EBB551221F76595F008920F9 /* Sources */ = {
			isa = PBXSourcesBuildPhase;
			buildActionMask = 2147483647;
			files = (
				EBB5512E1F76595F008920F9 /* ViewController.swift in Sources */,
				EBB5512A1F76595F008920F9 /* AppDelegate.swift in Sources */,
			);
			runOnlyForDeploymentPostprocessing = 0;
		};
/* End PBXSourcesBuildPhase section */

/* Begin PBXVariantGroup section */
		EBB5512F1F76595F008920F9 /* Main.storyboard */ = {
			isa = PBXVariantGroup;
			children = (
				EBB551301F76595F008920F9 /* Base */,
			);
			name = Main.storyboard;
			sourceTree = "<group>";
		};
		EBB551341F76595F008920F9 /* LaunchScreen.storyboard */ = {
			isa = PBXVariantGroup;
			children = (
				EBB551351F76595F008920F9 /* Base */,
			);
			name = LaunchScreen.storyboard;
			sourceTree = "<group>";
		};
/* End PBXVariantGroup section */

/* Begin XCBuildConfiguration section */
		EBB551381F76595F008920F9 /* Debug */ = {
			isa = XCBuildConfiguration;
			buildSettings = {
				ALWAYS_SEARCH_USER_PATHS = NO;
				CLANG_ANALYZER_NONNULL = YES;
				CLANG_ANALYZER_NUMBER_OBJECT_CONVERSION = YES_AGGRESSIVE;
				CLANG_CXX_LANGUAGE_STANDARD = "gnu++14";
				CLANG_CXX_LIBRARY = "libc++";
				CLANG_ENABLE_MODULES = YES;
				CLANG_ENABLE_OBJC_ARC = YES;
				CLANG_WARN_BLOCK_CAPTURE_AUTORELEASING = YES;
				CLANG_WARN_BOOL_CONVERSION = YES;
				CLANG_WARN_COMMA = YES;
				CLANG_WARN_CONSTANT_CONVERSION = YES;
				CLANG_WARN_DIRECT_OBJC_ISA_USAGE = YES_ERROR;
				CLANG_WARN_DOCUMENTATION_COMMENTS = YES;
				CLANG_WARN_EMPTY_BODY = YES;
				CLANG_WARN_ENUM_CONVERSION = YES;
				CLANG_WARN_INFINITE_RECURSION = YES;
				CLANG_WARN_INT_CONVERSION = YES;
				CLANG_WARN_NON_LITERAL_NULL_CONVERSION = YES;
				CLANG_WARN_OBJC_LITERAL_CONVERSION = YES;
				CLANG_WARN_OBJC_ROOT_CLASS = YES_ERROR;
				CLANG_WARN_RANGE_LOOP_ANALYSIS = YES;
				CLANG_WARN_STRICT_PROTOTYPES = YES;
				CLANG_WARN_SUSPICIOUS_MOVE = YES;
				CLANG_WARN_UNGUARDED_AVAILABILITY = YES_AGGRESSIVE;
				CLANG_WARN_UNREACHABLE_CODE = YES;
				CLANG_WARN__DUPLICATE_METHOD_MATCH = YES;
				CODE_SIGN_IDENTITY = "iPhone Developer";
				COPY_PHASE_STRIP = NO;
				DEBUG_INFORMATION_FORMAT = dwarf;
				ENABLE_STRICT_OBJC_MSGSEND = YES;
				ENABLE_TESTABILITY = YES;
				GCC_C_LANGUAGE_STANDARD = gnu11;
				GCC_DYNAMIC_NO_PIC = NO;
				GCC_NO_COMMON_BLOCKS = YES;
				GCC_OPTIMIZATION_LEVEL = 0;
				GCC_PREPROCESSOR_DEFINITIONS = (
					"DEBUG=1",
					"$(inherited)",
				);
				GCC_WARN_64_TO_32_BIT_CONVERSION = YES;
				GCC_WARN_ABOUT_RETURN_TYPE = YES_ERROR;
				GCC_WARN_UNDECLARED_SELECTOR = YES;
				GCC_WARN_UNINITIALIZED_AUTOS = YES_AGGRESSIVE;
				GCC_WARN_UNUSED_FUNCTION = YES;
				GCC_WARN_UNUSED_VARIABLE = YES;
				IPHONEOS_DEPLOYMENT_TARGET = 11.0;
				MTL_ENABLE_DEBUG_INFO = YES;
				ONLY_ACTIVE_ARCH = YES;
				SDKROOT = iphoneos;
				SWIFT_ACTIVE_COMPILATION_CONDITIONS = DEBUG;
				SWIFT_OPTIMIZATION_LEVEL = "-Onone";
			};
			name = Debug;
		};
		EBB551391F76595F008920F9 /* Release */ = {
			isa = XCBuildConfiguration;
			buildSettings = {
				ALWAYS_SEARCH_USER_PATHS = NO;
				CLANG_ANALYZER_NONNULL = YES;
				CLANG_ANALYZER_NUMBER_OBJECT_CONVERSION = YES_AGGRESSIVE;
				CLANG_CXX_LANGUAGE_STANDARD = "gnu++14";
				CLANG_CXX_LIBRARY = "libc++";
				CLANG_ENABLE_MODULES = YES;
				CLANG_ENABLE_OBJC_ARC = YES;
				CLANG_WARN_BLOCK_CAPTURE_AUTORELEASING = YES;
				CLANG_WARN_BOOL_CONVERSION = YES;
				CLANG_WARN_COMMA = YES;
				CLANG_WARN_CONSTANT_CONVERSION = YES;
				CLANG_WARN_DIRECT_OBJC_ISA_USAGE = YES_ERROR;
				CLANG_WARN_DOCUMENTATION_COMMENTS = YES;
				CLANG_WARN_EMPTY_BODY = YES;
				CLANG_WARN_ENUM_CONVERSION = YES;
				CLANG_WARN_INFINITE_RECURSION = YES;
				CLANG_WARN_INT_CONVERSION = YES;
				CLANG_WARN_NON_LITERAL_NULL_CONVERSION = YES;
				CLANG_WARN_OBJC_LITERAL_CONVERSION = YES;
				CLANG_WARN_OBJC_ROOT_CLASS = YES_ERROR;
				CLANG_WARN_RANGE_LOOP_ANALYSIS = YES;
				CLANG_WARN_STRICT_PROTOTYPES = YES;
				CLANG_WARN_SUSPICIOUS_MOVE = YES;
				CLANG_WARN_UNGUARDED_AVAILABILITY = YES_AGGRESSIVE;
				CLANG_WARN_UNREACHABLE_CODE = YES;
				CLANG_WARN__DUPLICATE_METHOD_MATCH = YES;
				CODE_SIGN_IDENTITY = "iPhone Developer";
				COPY_PHASE_STRIP = NO;
				DEBUG_INFORMATION_FORMAT = "dwarf-with-dsym";
				ENABLE_NS_ASSERTIONS = NO;
				ENABLE_STRICT_OBJC_MSGSEND = YES;
				GCC_C_LANGUAGE_STANDARD = gnu11;
				GCC_NO_COMMON_BLOCKS = YES;
				GCC_WARN_64_TO_32_BIT_CONVERSION = YES;
				GCC_WARN_ABOUT_RETURN_TYPE = YES_ERROR;
				GCC_WARN_UNDECLARED_SELECTOR = YES;
				GCC_WARN_UNINITIALIZED_AUTOS = YES_AGGRESSIVE;
				GCC_WARN_UNUSED_FUNCTION = YES;
				GCC_WARN_UNUSED_VARIABLE = YES;
				IPHONEOS_DEPLOYMENT_TARGET = 11.0;
				MTL_ENABLE_DEBUG_INFO = NO;
				SDKROOT = iphoneos;
				SWIFT_OPTIMIZATION_LEVEL = "-Owholemodule";
				VALIDATE_PRODUCT = YES;
			};
			name = Release;
		};
		EBB5513B1F76595F008920F9 /* Debug */ = {
			isa = XCBuildConfiguration;
			buildSettings = {
				ASSETCATALOG_COMPILER_APPICON_NAME = AppIcon;
				CODE_SIGN_STYLE = Manual;
				DEVELOPMENT_TEAM = EF6SBW8DL3;
				INFOPLIST_FILE = "AR_Day4_任意门/Info.plist";
				LD_RUNPATH_SEARCH_PATHS = "$(inherited) @executable_path/Frameworks";
				PRODUCT_BUNDLE_IDENTIFIER = com.Jiangzi.Weimin;
				PRODUCT_NAME = "$(TARGET_NAME)";
				PROVISIONING_PROFILE = "8a4caa74-4296-489d-859f-a4603471145a";
				PROVISIONING_PROFILE_SPECIFIER = JiangziDevOne;
				SWIFT_VERSION = 4.0;
				TARGETED_DEVICE_FAMILY = "1,2";
			};
			name = Debug;
		};
		EBB5513C1F76595F008920F9 /* Release */ = {
			isa = XCBuildConfiguration;
			buildSettings = {
				ASSETCATALOG_COMPILER_APPICON_NAME = AppIcon;
				CODE_SIGN_STYLE = Manual;
				DEVELOPMENT_TEAM = EF6SBW8DL3;
				INFOPLIST_FILE = "AR_Day4_任意门/Info.plist";
				LD_RUNPATH_SEARCH_PATHS = "$(inherited) @executable_path/Frameworks";
				PRODUCT_BUNDLE_IDENTIFIER = com.Jiangzi.Weimin;
				PRODUCT_NAME = "$(TARGET_NAME)";
				PROVISIONING_PROFILE = "8a4caa74-4296-489d-859f-a4603471145a";
				PROVISIONING_PROFILE_SPECIFIER = JiangziDevOne;
				SWIFT_VERSION = 4.0;
				TARGETED_DEVICE_FAMILY = "1,2";
			};
			name = Release;
		};
/* End XCBuildConfiguration section */

/* Begin XCConfigurationList section */
		EBB551211F76595F008920F9 /* Build configuration list for PBXProject "AR_Day4_任意门" */ = {
			isa = XCConfigurationList;
			buildConfigurations = (
				EBB551381F76595F008920F9 /* Debug */,
				EBB551391F76595F008920F9 /* Release */,
			);
			defaultConfigurationIsVisible = 0;
			defaultConfigurationName = Release;
		};
		EBB5513A1F76595F008920F9 /* Build configuration list for PBXNativeTarget "AR_Day4_任意门" */ = {
			isa = XCConfigurationList;
			buildConfigurations = (
				EBB5513B1F76595F008920F9 /* Debug */,
				EBB5513C1F76595F008920F9 /* Release */,
			);
			defaultConfigurationIsVisible = 0;
			defaultConfigurationName = Release;
		};
/* End XCConfigurationList section */
	};
	rootObject = EBB5511E1F76595F008920F9 /* Project object */;
}
